
Microsoft Visual Studio Solution File, Format Version 12.00
# Visual Studio Version 16
VisualStudioVersion = 16.0.34729.46
MinimumVisualStudioVersion = 10.0.40219.1
Project("{FAE04EC0-301F-11D3-BF4B-00C04F79EFBC}") = "ejercicio", "ejercicio\ejercicio.csproj", "{7422697D-7478-4F0D-B06F-29BFED6E90A4}"
EndProject
Global
	GlobalSection(SolutionConfigurationPlatforms) = preSolution
		Debug|Any CPU = Debug|Any CPU
		Release|Any CPU = Release|Any CPU
	EndGlobalSection
	GlobalSection(ProjectConfigurationPlatforms) = postSolution
		{7422697D-7478-4F0D-B06F-29BFED6E90A4}.Debug|Any CPU.ActiveCfg = Debug|Any CPU
		{7422697D-7478-4F0D-B06F-29BFED6E90A4}.Debug|Any CPU.Build.0 = Debug|Any CPU
		{7422697D-7478-4F0D-B06F-29BFED6E90A4}.Release|Any CPU.ActiveCfg = Release|Any CPU
		{7422697D-7478-4F0D-B06F-29BFED6E90A4}.Release|Any CPU.Build.0 = Release|Any CPU
	EndGlobalSection
	GlobalSection(SolutionProperties) = preSolution
		HideSolutionNode = FALSE
	EndGlobalSection
	GlobalSection(ExtensibilityGlobals) = postSolution
		SolutionGuid = {C14B9C00-47DD-4DBC-9559-5521D43A7E46}
	EndGlobalSection
EndGlobal
